Microsoft Visual Studio Solution File, Format Version 9.00
# Visual Studio 2005
Project("{8BC9CEB8-8B4A-11D0-8D11-00A0C91BC942}") = "Codec Tests", "VP8DebugPlugin(2005).vcproj", "{2D0A3692-9FDF-40D4-9765-90FE8BA5D531}"
EndProject
Global
	GlobalSection(SolutionConfigurationPlatforms) = preSolution
		Debug|Win32 = Debug|Win32
		Release|Win32 = Release|Win32
	EndGlobalSection
	GlobalSection(ProjectConfigurationPlatforms) = postSolution
		{2D0A3692-9FDF-40D4-9765-90FE8BA5D531}.Debug|Win32.ActiveCfg = Debug|Win32
		{2D0A3692-9FDF-40D4-9765-90FE8BA5D531}.Debug|Win32.Build.0 = Debug|Win32
		{2D0A3692-9FDF-40D4-9765-90FE8BA5D531}.Release|Win32.ActiveCfg = Release|Win32
		{2D0A3692-9FDF-40D4-9765-90FE8BA5D531}.Release|Win32.Build.0 = Release|Win32
	EndGlobalSection
	GlobalSection(SolutionProperties) = preSolution
		HideSolutionNode = FALSE
	EndGlobalSection
EndGlobal
